
Microsoft Visual Studio Solution File, Format Version 12.00
# Visual Studio Version 16
VisualStudioVersion = 16.0.28922.388
MinimumVisualStudioVersion = 10.0.40219.1
Project("{FAE04EC0-301F-11D3-BF4B-00C04F79EFBC}") = "Naloga1", "Naloga1\Naloga1.csproj", "{F944D9A8-2EC5-4051-96CF-43D80A373CEE}"
EndProject
Global
	GlobalSection(SolutionConfigurationPlatforms) = preSolution
		Debug|Any CPU = Debug|Any CPU
		Release|Any CPU = Release|Any CPU
	EndGlobalSection
	GlobalSection(ProjectConfigurationPlatforms) = postSolution
		{F944D9A8-2EC5-4051-96CF-43D80A373CEE}.Debug|Any CPU.ActiveCfg = Debug|Any CPU
		{F944D9A8-2EC5-4051-96CF-43D80A373CEE}.Debug|Any CPU.Build.0 = Debug|Any CPU
		{F944D9A8-2EC5-4051-96CF-43D80A373CEE}.Release|Any CPU.ActiveCfg = Release|Any CPU
		{F944D9A8-2EC5-4051-96CF-43D80A373CEE}.Release|Any CPU.Build.0 = Release|Any CPU
	EndGlobalSection
	GlobalSection(SolutionProperties) = preSolution
		HideSolutionNode = FALSE
	EndGlobalSection
	GlobalSection(ExtensibilityGlobals) = postSolution
		SolutionGuid = {6C16039F-8B6B-4615-99B9-932495920924}
	EndGlobalSection
EndGlobal
